// !$*UTF8*$!
{
	archiveVersion = 1;
	classes = {
	};
	objectVersion = 46;
	objects = {

/* Begin PBXBuildFile section */
		E44AFF401C81C37700352E0D /* main.m in Sources */ = {isa = PBXBuildFile; fileRef = E44AFF3F1C81C37700352E0D /* main.m */; };
		E44AFF431C81C37700352E0D /* AppDelegate.m in Sources */ = {isa = PBXBuildFile; fileRef = E44AFF421C81C37700352E0D /* AppDelegate.m */; };
		E44AFF461C81C37700352E0D /* ViewController.m in Sources */ = {isa = PBXBuildFile; fileRef = E44AFF451C81C37700352E0D /* ViewController.m */; };
		E44AFF491C81C37700352E0D /* Main.storyboard in Resources */ = {isa = PBXBuildFile; fileRef = E44AFF471C81C37700352E0D /* Main.storyboard */; };
		E44AFF4B1C81C37700352E0D /* Assets.xcassets in Resources */ = {isa = PBXBuildFile; fileRef = E44AFF4A1C81C37700352E0D /* Assets.xcassets */; };
		E44AFF4E1C81C37700352E0D /* LaunchScreen.storyboard in Resources */ = {isa = PBXBuildFile; fileRef = E44AFF4C1C81C37700352E0D /* LaunchScreen.storyboard */; };
		E44AFF591C81C37700352E0D /* FirstTests.m in Sources */ = {isa = PBXBuildFile; fileRef = E44AFF581C81C37700352E0D /* FirstTests.m */; };
		E44AFF641C81C37700352E0D /* FirstUITests.m in Sources */ = {isa = PBXBuildFile; fileRef = E44AFF631C81C37700352E0D /* FirstUITests.m */; };
/* End PBXBuildFile section */

/* Begin PBXContainerItemProxy section */
		E44AFF551C81C37700352E0D /* PBXContainerItemProxy */ = {
			isa = PBXContainerItemProxy;
			containerPortal = E44AFF331C81C37700352E0D /* Project object */;
			proxyType = 1;
			remoteGlobalIDString = E44AFF3A1C81C37700352E0D;
			remoteInfo = First;
		};
		E44AFF601C81C37700352E0D /* PBXContainerItemProxy */ = {
			isa = PBXContainerItemProxy;
			containerPortal = E44AFF331C81C37700352E0D /* Project object */;
			proxyType = 1;
			remoteGlobalIDString = E44AFF3A1C81C37700352E0D;
			remoteInfo = First;
		};
/* End PBXContainerItemProxy section */

/* Begin PBXFileReference section */
		E44AFF3B1C81C37700352E0D /* First.app */ = {isa = PBXFileReference; explicitFileType = wrapper.application; includeInIndex = 0; path = First.app; sourceTree = BUILT_PRODUCTS_DIR; };
		E44AFF3F1C81C37700352E0D /* main.m */ = {isa = PBXFileReference; lastKnownFileType = sourcecode.c.objc; path = main.m; sourceTree = "<group>"; };
		E44AFF411C81C37700352E0D /* AppDelegate.h */ = {isa = PBXFileReference; lastKnownFileType = sourcecode.c.h; path = AppDelegate.h; sourceTree = "<group>"; };
		E44AFF421C81C37700352E0D /* AppDelegate.m */ = {isa = PBXFileReference; lastKnownFileType = sourcecode.c.objc; path = AppDelegate.m; sourceTree = "<group>"; };
		E44AFF441C81C37700352E0D /* ViewController.h */ = {isa = PBXFileReference; lastKnownFileType = sourcecode.c.h; path = ViewController.h; sourceTree = "<group>"; };
		E44AFF451C81C37700352E0D /* ViewController.m */ = {isa = PBXFileReference; lastKnownFileType = sourcecode.c.objc; path = ViewController.m; sourceTree = "<group>"; };
		E44AFF481C81C37700352E0D /* Base */ = {isa = PBXFileReference; lastKnownFileType = file.storyboard; name = Base; path = Base.lproj/Main.storyboard; sourceTree = "<group>"; };
		E44AFF4A1C81C37700352E0D /* Assets.xcassets */ = {isa = PBXFileReference; lastKnownFileType = folder.assetcatalog; path = Assets.xcassets; sourceTree = "<group>"; };
		E44AFF4D1C81C37700352E0D /* Base */ = {isa = PBXFileReference; lastKnownFileType = file.storyboard; name = Base; path = Base.lproj/LaunchScreen.storyboard; sourceTree = "<group>"; };
		E44AFF4F1C81C37700352E0D /* Info.plist */ = {isa = PBXFileReference; lastKnownFileType = text.plist.xml; path = Info.plist; sourceTree = "<group>"; };
		E44AFF541C81C37700352E0D /* FirstTests.xctest */ = {isa = PBXFileReference; explicitFileType = wrapper.cfbundle; includeInIndex = 0; path = FirstTests.xctest; sourceTree = BUILT_PRODUCTS_DIR; };
		E44AFF581C81C37700352E0D /* FirstTests.m */ = {isa = PBXFileReference; lastKnownFileType = sourcecode.c.objc; path = FirstTests.m; sourceTree = "<group>"; };
		E44AFF5A1C81C37700352E0D /* Info.plist */ = {isa = PBXFileReference; lastKnownFileType = text.plist.xml; path = Info.plist; sourceTree = "<group>"; };
		E44AFF5F1C81C37700352E0D /* FirstUITests.xctest */ = {isa = PBXFileReference; explicitFileType = wrapper.cfbundle; includeInIndex = 0; path = FirstUITests.xctest; sourceTree = BUILT_PRODUCTS_DIR; };
		E44AFF631C81C37700352E0D /* FirstUITests.m */ = {isa = PBXFileReference; lastKnownFileType = sourcecode.c.objc; path = FirstUITests.m; sourceTree = "<group>"; };
		E44AFF651C81C37700352E0D /* Info.plist */ = {isa = PBXFileReference; lastKnownFileType = text.plist.xml; path = Info.plist; sourceTree = "<group>"; };
/* End PBXFileReference section */

/* Begin PBXFrameworksBuildPhase section */
		E44AFF381C81C37700352E0D /* Frameworks */ = {
			isa = PBXFrameworksBuildPhase;
			buildActionMask = 2147483647;
			files = (
			);
			runOnlyForDeploymentPostprocessing = 0;
		};
		E44AFF511C81C37700352E0D /* Frameworks */ = {
			isa = PBXFrameworksBuildPhase;
			buildActionMask = 2147483647;
			files = (
			);
			runOnlyForDeploymentPostprocessing = 0;
		};
		E44AFF5C1C81C37700352E0D /* Frameworks */ = {
			isa = PBXFrameworksBuildPhase;
			buildActionMask = 2147483647;
			files = (
			);
			runOnlyForDeploymentPostprocessing = 0;
		};
/* End PBXFrameworksBuildPhase section */

/* Begin PBXGroup section */
		E44AFF321C81C37700352E0D = {
			isa = PBXGroup;
			children = (
				E44AFF3D1C81C37700352E0D /* First */,
				E44AFF571C81C37700352E0D /* FirstTests */,
				E44AFF621C81C37700352E0D /* FirstUITests */,
				E44AFF3C1C81C37700352E0D /* Products */,
			);
			sourceTree = "<group>";
		};
		E44AFF3C1C81C37700352E0D /* Products */ = {
			isa = PBXGroup;
			children = (
				E44AFF3B1C81C37700352E0D /* First.app */,
				E44AFF541C81C37700352E0D /* FirstTests.xctest */,
				E44AFF5F1C81C37700352E0D /* FirstUITests.xctest */,
			);
			name = Products;
			sourceTree = "<group>";
		};
		E44AFF3D1C81C37700352E0D /* First */ = {
			isa = PBXGroup;
			children = (
				E44AFF411C81C37700352E0D /* AppDelegate.h */,
				E44AFF421C81C37700352E0D /* AppDelegate.m */,
				E44AFF441C81C37700352E0D /* ViewController.h */,
				E44AFF451C81C37700352E0D /* ViewController.m */,
				E44AFF471C81C37700352E0D /* Main.storyboard */,
				E44AFF4A1C81C37700352E0D /* Assets.xcassets */,
				E44AFF4C1C81C37700352E0D /* LaunchScreen.storyboard */,
				E44AFF4F1C81C37700352E0D /* Info.plist */,
				E44AFF3E1C81C37700352E0D /* Supporting Files */,
			);
			path = First;
			sourceTree = "<group>";
		};
		E44AFF3E1C81C37700352E0D /* Supporting Files */ = {
			isa = PBXGroup;
			children = (
				E44AFF3F1C81C37700352E0D /* main.m */,
			);
			name = "Supporting Files";
			sourceTree = "<group>";
		};
		E44AFF571C81C37700352E0D /* FirstTests */ = {
			isa = PBXGroup;
			children = (
				E44AFF581C81C37700352E0D /* FirstTests.m */,
				E44AFF5A1C81C37700352E0D /* Info.plist */,
			);
			path = FirstTests;
			sourceTree = "<group>";
		};
		E44AFF621C81C37700352E0D /* FirstUITests */ = {
			isa = PBXGroup;
			children = (
				E44AFF631C81C37700352E0D /* FirstUITests.m */,
				E44AFF651C81C37700352E0D /* Info.plist */,
			);
			path = FirstUITests;
			sourceTree = "<group>";
		};
/* End PBXGroup section */

/* Begin PBXNativeTarget section */
		E44AFF3A1C81C37700352E0D /* First */ = {
			isa = PBXNativeTarget;
			buildConfigurationList = E44AFF681C81C37700352E0D /* Build configuration list for PBXNativeTarget "First" */;
			buildPhases = (
				E44AFF371C81C37700352E0D /* Sources */,
				E44AFF381C81C37700352E0D /* Frameworks */,
				E44AFF391C81C37700352E0D /* Resources */,
			);
			buildRules = (
			);
			dependencies = (
			);
			name = First;
			productName = First;
			productReference = E44AFF3B1C81C37700352E0D /* First.app */;
			productType = "com.apple.product-type.application";
		};
		E44AFF531C81C37700352E0D /* FirstTests */ = {
			isa = PBXNativeTarget;
			buildConfigurationList = E44AFF6B1C81C37700352E0D /* Build configuration list for PBXNativeTarget "FirstTests" */;
			buildPhases = (
				E44AFF501C81C37700352E0D /* Sources */,
				E44AFF511C81C37700352E0D /* Frameworks */,
				E44AFF521C81C37700352E0D /* Resources */,
			);
			buildRules = (
			);
			dependencies = (
				E44AFF561C81C37700352E0D /* PBXTargetDependency */,
			);
			name = FirstTests;
			productName = FirstTests;
			productReference = E44AFF541C81C37700352E0D /* FirstTests.xctest */;
			productType = "com.apple.product-type.bundle.unit-test";
		};
		E44AFF5E1C81C37700352E0D /* FirstUITests */ = {
			isa = PBXNativeTarget;
			buildConfigurationList = E44AFF6E1C81C37700352E0D /* Build configuration list for PBXNativeTarget "FirstUITests" */;
			buildPhases = (
				E44AFF5B1C81C37700352E0D /* Sources */,
				E44AFF5C1C81C37700352E0D /* Frameworks */,
				E44AFF5D1C81C37700352E0D /* Resources */,
			);
			buildRules = (
			);
			dependencies = (
				E44AFF611C81C37700352E0D /* PBXTargetDependency */,
			);
			name = FirstUITests;
			productName = FirstUITests;
			productReference = E44AFF5F1C81C37700352E0D /* FirstUITests.xctest */;
			productType = "com.apple.product-type.bundle.ui-testing";
		};
/* End PBXNativeTarget section */

/* Begin PBXProject section */
		E44AFF331C81C37700352E0D /* Project object */ = {
			isa = PBXProject;
			attributes = {
				LastUpgradeCheck = 0700;
				ORGANIZATIONNAME = Junjie;
				TargetAttributes = {
					E44AFF3A1C81C37700352E0D = {
						CreatedOnToolsVersion = 7.0;
					};
					E44AFF531C81C37700352E0D = {
						CreatedOnToolsVersion = 7.0;
						TestTargetID = E44AFF3A1C81C37700352E0D;
					};
					E44AFF5E1C81C37700352E0D = {
						CreatedOnToolsVersion = 7.0;
						TestTargetID = E44AFF3A1C81C37700352E0D;
					};
				};
			};
			buildConfigurationList = E44AFF361C81C37700352E0D /* Build configuration list for PBXProject "First" */;
			compatibilityVersion = "Xcode 3.2";
			developmentRegion = English;
			hasScannedForEncodings = 0;
			knownRegions = (
				en,
				Base,
			);
			mainGroup = E44AFF321C81C37700352E0D;
			productRefGroup = E44AFF3C1C81C37700352E0D /* Products */;
			projectDirPath = "";
			projectRoot = "";
			targets = (
				E44AFF3A1C81C37700352E0D /* First */,
				E44AFF531C81C37700352E0D /* FirstTests */,
				E44AFF5E1C81C37700352E0D /* FirstUITests */,
			);
		};
/* End PBXProject section */

/* Begin PBXResourcesBuildPhase section */
		E44AFF391C81C37700352E0D /* Resources */ = {
			isa = PBXResourcesBuildPhase;
			buildActionMask = 2147483647;
			files = (
				E44AFF4E1C81C37700352E0D /* LaunchScreen.storyboard in Resources */,
				E44AFF4B1C81C37700352E0D /* Assets.xcassets in Resources */,
				E44AFF491C81C37700352E0D /* Main.storyboard in Resources */,
			);
			runOnlyForDeploymentPostprocessing = 0;
		};
		E44AFF521C81C37700352E0D /* Resources */ = {
			isa = PBXResourcesBuildPhase;
			buildActionMask = 2147483647;
			files = (
			);
			runOnlyForDeploymentPostprocessing = 0;
		};
		E44AFF5D1C81C37700352E0D /* Resources */ = {
			isa = PBXResourcesBuildPhase;
			buildActionMask = 2147483647;
			files = (
			);
			runOnlyForDeploymentPostprocessing = 0;
		};
/* End PBXResourcesBuildPhase section */

/* Begin PBXSourcesBuildPhase section */
		E44AFF371C81C37700352E0D /* Sources */ = {
			isa = PBXSourcesBuildPhase;
			buildActionMask = 2147483647;
			files = (
				E44AFF461C81C37700352E0D /* ViewController.m in Sources */,
				E44AFF431C81C37700352E0D /* AppDelegate.m in Sources */,
				E44AFF401C81C37700352E0D /* main.m in Sources */,
			);
			runOnlyForDeploymentPostprocessing = 0;
		};
		E44AFF501C81C37700352E0D /* Sources */ = {
			isa = PBXSourcesBuildPhase;
			buildActionMask = 2147483647;
			files = (
				E44AFF591C81C37700352E0D /* FirstTests.m in Sources */,
			);
			runOnlyForDeploymentPostprocessing = 0;
		};
		E44AFF5B1C81C37700352E0D /* Sources */ = {
			isa = PBXSourcesBuildPhase;
			buildActionMask = 2147483647;
			files = (
				E44AFF641C81C37700352E0D /* FirstUITests.m in Sources */,
			);
			runOnlyForDeploymentPostprocessing = 0;
		};
/* End PBXSourcesBuildPhase section */

/* Begin PBXTargetDependency section */
		E44AFF561C81C37700352E0D /* PBXTargetDependency */ = {
			isa = PBXTargetDependency;
			target = E44AFF3A1C81C37700352E0D /* First */;
			targetProxy = E44AFF551C81C37700352E0D /* PBXContainerItemProxy */;
		};
		E44AFF611C81C37700352E0D /* PBXTargetDependency */ = {
			isa = PBXTargetDependency;
			target = E44AFF3A1C81C37700352E0D /* First */;
			targetProxy = E44AFF601C81C37700352E0D /* PBXContainerItemProxy */;
		};
/* End PBXTargetDependency section */

/* Begin PBXVariantGroup section */
		E44AFF471C81C37700352E0D /* Main.storyboard */ = {
			isa = PBXVariantGroup;
			children = (
				E44AFF481C81C37700352E0D /* Base */,
			);
			name = Main.storyboard;
			sourceTree = "<group>";
		};
		E44AFF4C1C81C37700352E0D /* LaunchScreen.storyboard */ = {
			isa = PBXVariantGroup;
			children = (
				E44AFF4D1C81C37700352E0D /* Base */,
			);
			name = LaunchScreen.storyboard;
			sourceTree = "<group>";
		};
/* End PBXVariantGroup section */

/* Begin XCBuildConfiguration section */
		E44AFF661C81C37700352E0D /* Debug */ = {
			isa = XCBuildConfiguration;
			buildSettings = {
				ALWAYS_SEARCH_USER_PATHS = NO;
				CLANG_CXX_LANGUAGE_STANDARD = "gnu++0x";
				CLANG_CXX_LIBRARY = "libc++";
				CLANG_ENABLE_MODULES = YES;
				CLANG_ENABLE_OBJC_ARC = YES;
				CLANG_WARN_BOOL_CONVERSION = YES;
				CLANG_WARN_CONSTANT_CONVERSION = YES;
				CLANG_WARN_DIRECT_OBJC_ISA_USAGE = YES_ERROR;
				CLANG_WARN_EMPTY_BODY = YES;
				CLANG_WARN_ENUM_CONVERSION = YES;
				CLANG_WARN_INT_CONVERSION = YES;
				CLANG_WARN_OBJC_ROOT_CLASS = YES_ERROR;
				CLANG_WARN_UNREACHABLE_CODE = YES;
				CLANG_WARN__DUPLICATE_METHOD_MATCH = YES;
				"CODE_SIGN_IDENTITY[sdk=iphoneos*]" = "iPhone Developer";
				COPY_PHASE_STRIP = NO;
				DEBUG_INFORMATION_FORMAT = dwarf;
				ENABLE_STRICT_OBJC_MSGSEND = YES;
				ENABLE_TESTABILITY = YES;
				GCC_C_LANGUAGE_STANDARD = gnu99;
				GCC_DYNAMIC_NO_PIC = NO;
				GCC_NO_COMMON_BLOCKS = YES;
				GCC_OPTIMIZATION_LEVEL = 0;
				GCC_PREPROCESSOR_DEFINITIONS = (
					"DEBUG=1",
					"$(inherited)",
				);
				GCC_WARN_64_TO_32_BIT_CONVERSION = YES;
				GCC_WARN_ABOUT_RETURN_TYPE = YES_ERROR;
				GCC_WARN_UNDECLARED_SELECTOR = YES;
				GCC_WARN_UNINITIALIZED_AUTOS = YES_AGGRESSIVE;
				GCC_WARN_UNUSED_FUNCTION = YES;
				GCC_WARN_UNUSED_VARIABLE = YES;
				IPHONEOS_DEPLOYMENT_TARGET = 9.0;
				MTL_ENABLE_DEBUG_INFO = YES;
				ONLY_ACTIVE_ARCH = YES;
				SDKROOT = iphoneos;
			};
			name = Debug;
		};
		E44AFF671C81C37700352E0D /* Release */ = {
			isa = XCBuildConfiguration;
			buildSettings = {
				ALWAYS_SEARCH_USER_PATHS = NO;
				CLANG_CXX_LANGUAGE_STANDARD = "gnu++0x";
				CLANG_CXX_LIBRARY = "libc++";
				CLANG_ENABLE_MODULES = YES;
				CLANG_ENABLE_OBJC_ARC = YES;
				CLANG_WARN_BOOL_CONVERSION = YES;
				CLANG_WARN_CONSTANT_CONVERSION = YES;
				CLANG_WARN_DIRECT_OBJC_ISA_USAGE = YES_ERROR;
				CLANG_WARN_EMPTY_BODY = YES;
				CLANG_WARN_ENUM_CONVERSION = YES;
				CLANG_WARN_INT_CONVERSION = YES;
				CLANG_WARN_OBJC_ROOT_CLASS = YES_ERROR;
				CLANG_WARN_UNREACHABLE_CODE = YES;
				CLANG_WARN__DUPLICATE_METHOD_MATCH = YES;
				"CODE_SIGN_IDENTITY[sdk=iphoneos*]" = "iPhone Developer";
				COPY_PHASE_STRIP = NO;
				DEBUG_INFORMATION_FORMAT = "dwarf-with-dsym";
				ENABLE_NS_ASSERTIONS = NO;
				ENABLE_STRICT_OBJC_MSGSEND = YES;
				GCC_C_LANGUAGE_STANDARD = gnu99;
				GCC_NO_COMMON_BLOCKS = YES;
				GCC_WARN_64_TO_32_BIT_CONVERSION = YES;
				GCC_WARN_ABOUT_RETURN_TYPE = YES_ERROR;
				GCC_WARN_UNDECLARED_SELECTOR = YES;
				GCC_WARN_UNINITIALIZED_AUTOS = YES_AGGRESSIVE;
				GCC_WARN_UNUSED_FUNCTION = YES;
				GCC_WARN_UNUSED_VARIABLE = YES;
				IPHONEOS_DEPLOYMENT_TARGET = 9.0;
				MTL_ENABLE_DEBUG_INFO = NO;
				SDKROOT = iphoneos;
				VALIDATE_PRODUCT = YES;
			};
			name = Release;
		};
		E44AFF691C81C37700352E0D /* Debug */ = {
			isa = XCBuildConfiguration;
			buildSettings = {
				ASSETCATALOG_COMPILER_APPICON_NAME = AppIcon;
				INFOPLIST_FILE = First/Info.plist;
				LD_RUNPATH_SEARCH_PATHS = "$(inherited) @executable_path/Frameworks";
				PRODUCT_BUNDLE_IDENTIFIER = WB.First;
				PRODUCT_NAME = "$(TARGET_NAME)";
			};
			name = Debug;
		};
		E44AFF6A1C81C37700352E0D /* Release */ = {
			isa = XCBuildConfiguration;
			buildSettings = {
				ASSETCATALOG_COMPILER_APPICON_NAME = AppIcon;
				INFOPLIST_FILE = First/Info.plist;
				LD_RUNPATH_SEARCH_PATHS = "$(inherited) @executable_path/Frameworks";
				PRODUCT_BUNDLE_IDENTIFIER = WB.First;
				PRODUCT_NAME = "$(TARGET_NAME)";
			};
			name = Release;
		};
		E44AFF6C1C81C37700352E0D /* Debug */ = {
			isa = XCBuildConfiguration;
			buildSettings = {
				BUNDLE_LOADER = "$(TEST_HOST)";
				INFOPLIST_FILE = FirstTests/Info.plist;
				LD_RUNPATH_SEARCH_PATHS = "$(inherited) @executable_path/Frameworks @loader_path/Frameworks";
				PRODUCT_BUNDLE_IDENTIFIER = WB.FirstTests;
				PRODUCT_NAME = "$(TARGET_NAME)";
				TEST_HOST = "$(BUILT_PRODUCTS_DIR)/First.app/First";
			};
			name = Debug;
		};
		E44AFF6D1C81C37700352E0D /* Release */ = {
			isa = XCBuildConfiguration;
			buildSettings = {
				BUNDLE_LOADER = "$(TEST_HOST)";
				INFOPLIST_FILE = FirstTests/Info.plist;
				LD_RUNPATH_SEARCH_PATHS = "$(inherited) @executable_path/Frameworks @loader_path/Frameworks";
				PRODUCT_BUNDLE_IDENTIFIER = WB.FirstTests;
				PRODUCT_NAME = "$(TARGET_NAME)";
				TEST_HOST = "$(BUILT_PRODUCTS_DIR)/First.app/First";
			};
			name = Release;
		};
		E44AFF6F1C81C37700352E0D /* Debug */ = {
			isa = XCBuildConfiguration;
			buildSettings = {
				INFOPLIST_FILE = FirstUITests/Info.plist;
				LD_RUNPATH_SEARCH_PATHS = "$(inherited) @executable_path/Frameworks @loader_path/Frameworks";
				PRODUCT_BUNDLE_IDENTIFIER = WB.FirstUITests;
				PRODUCT_NAME = "$(TARGET_NAME)";
				TEST_TARGET_NAME = First;
				USES_XCTRUNNER = YES;
			};
			name = Debug;
		};
		E44AFF701C81C37700352E0D /* Release */ = {
			isa = XCBuildConfiguration;
			buildSettings = {
				INFOPLIST_FILE = FirstUITests/Info.plist;
				LD_RUNPATH_SEARCH_PATHS = "$(inherited) @executable_path/Frameworks @loader_path/Frameworks";
				PRODUCT_BUNDLE_IDENTIFIER = WB.FirstUITests;
				PRODUCT_NAME = "$(TARGET_NAME)";
				TEST_TARGET_NAME = First;
				USES_XCTRUNNER = YES;
			};
			name = Release;
		};
/* End XCBuildConfiguration section */

/* Begin XCConfigurationList section */
		E44AFF361C81C37700352E0D /* Build configuration list for PBXProject "First" */ = {
			isa = XCConfigurationList;
			buildConfigurations = (
				E44AFF661C81C37700352E0D /* Debug */,
				E44AFF671C81C37700352E0D /* Release */,
			);
			defaultConfigurationIsVisible = 0;
			defaultConfigurationName = Release;
		};
		E44AFF681C81C37700352E0D /* Build configuration list for PBXNativeTarget "First" */ = {
			isa = XCConfigurationList;
			buildConfigurations = (
				E44AFF691C81C37700352E0D /* Debug */,
				E44AFF6A1C81C37700352E0D /* Release */,
			);
			defaultConfigurationIsVisible = 0;
		};
		E44AFF6B1C81C37700352E0D /* Build configuration list for PBXNativeTarget "FirstTests" */ = {
			isa = XCConfigurationList;
			buildConfigurations = (
				E44AFF6C1C81C37700352E0D /* Debug */,
				E44AFF6D1C81C37700352E0D /* Release */,
			);
			defaultConfigurationIsVisible = 0;
		};
		E44AFF6E1C81C37700352E0D /* Build configuration list for PBXNativeTarget "FirstUITests" */ = {
			isa = XCConfigurationList;
			buildConfigurations = (
				E44AFF6F1C81C37700352E0D /* Debug */,
				E44AFF701C81C37700352E0D /* Release */,
			);
			defaultConfigurationIsVisible = 0;
		};
/* End XCConfigurationList section */
	};
	rootObject = E44AFF331C81C37700352E0D /* Project object */;
}
